
Microsoft Visual Studio Solution File, Format Version 12.00
Project("{FAE04EC0-301F-11D3-BF4B-00C04F79EFBC}") = "DogPlatform.API", "DogPlatform.API\DogPlatform.API.csproj", "{2F7A54CD-6D1C-4C7F-808F-0E0C6024C5C7}"
EndProject
Project("{FAE04EC0-301F-11D3-BF4B-00C04F79EFBC}") = "DogPlatform.Tests", "DogPlatform.Tests\DogPlatform.Tests.csproj", "{CF9F8E36-C579-40F0-9DA8-44857F1AA3CB}"
EndProject
Global
	GlobalSection(SolutionConfigurationPlatforms) = preSolution
		Debug|Any CPU = Debug|Any CPU
		Release|Any CPU = Release|Any CPU
	EndGlobalSection
	GlobalSection(ProjectConfigurationPlatforms) = postSolution
		{2F7A54CD-6D1C-4C7F-808F-0E0C6024C5C7}.Debug|Any CPU.ActiveCfg = Debug|Any CPU
		{2F7A54CD-6D1C-4C7F-808F-0E0C6024C5C7}.Debug|Any CPU.Build.0 = Debug|Any CPU
		{2F7A54CD-6D1C-4C7F-808F-0E0C6024C5C7}.Release|Any CPU.ActiveCfg = Release|Any CPU
		{2F7A54CD-6D1C-4C7F-808F-0E0C6024C5C7}.Release|Any CPU.Build.0 = Release|Any CPU
		{CF9F8E36-C579-40F0-9DA8-44857F1AA3CB}.Debug|Any CPU.ActiveCfg = Debug|Any CPU
		{CF9F8E36-C579-40F0-9DA8-44857F1AA3CB}.Debug|Any CPU.Build.0 = Debug|Any CPU
		{CF9F8E36-C579-40F0-9DA8-44857F1AA3CB}.Release|Any CPU.ActiveCfg = Release|Any CPU
		{CF9F8E36-C579-40F0-9DA8-44857F1AA3CB}.Release|Any CPU.Build.0 = Release|Any CPU
	EndGlobalSection
EndGlobal
